// !$*UTF8*$!
{
	archiveVersion = 1;
	classes = {
	};
	objectVersion = 50;
	objects = {

/* Begin PBXBuildFile section */
		B7DADAF0229E3669008D0852 /* AppDelegate.swift in Sources */ = {isa = PBXBuildFile; fileRef = B7DADAEF229E3669008D0852 /* AppDelegate.swift */; };
		B7DADAF7229E366A008D0852 /* Assets.xcassets in Resources */ = {isa = PBXBuildFile; fileRef = B7DADAF6229E366A008D0852 /* Assets.xcassets */; };
		B7DADAFA229E366A008D0852 /* LaunchScreen.storyboard in Resources */ = {isa = PBXBuildFile; fileRef = B7DADAF8229E366A008D0852 /* LaunchScreen.storyboard */; };
/* End PBXBuildFile section */

/* Begin PBXFileReference section */
		2C13C60B24230F8B004FC779 /* Guard & Defer Statement.playground */ = {isa = PBXFileReference; lastKnownFileType = file.playground; path = "Guard & Defer Statement.playground"; sourceTree = "<group>"; xcLanguageSpecificationIdentifier = xcode.lang.swift; };
		2C13C60C24230F8B004FC779 /* TypeCasting.playground */ = {isa = PBXFileReference; lastKnownFileType = file.playground; path = TypeCasting.playground; sourceTree = "<group>"; xcLanguageSpecificationIdentifier = xcode.lang.swift; };
		2C13C60D24230F8B004FC779 /* IntroductionGenerics.playground */ = {isa = PBXFileReference; lastKnownFileType = file.playground; path = IntroductionGenerics.playground; sourceTree = "<group>"; xcLanguageSpecificationIdentifier = xcode.lang.swift; };
		2C13C60E24230F8C004FC779 /* IntroductionToErrorHandling.playground */ = {isa = PBXFileReference; lastKnownFileType = file.playground; path = IntroductionToErrorHandling.playground; sourceTree = "<group>"; xcLanguageSpecificationIdentifier = xcode.lang.swift; };
		2C13C60F24230F8C004FC779 /* Subscript.playground */ = {isa = PBXFileReference; lastKnownFileType = file.playground; path = Subscript.playground; sourceTree = "<group>"; xcLanguageSpecificationIdentifier = xcode.lang.swift; };
		2C13C61124231070004FC779 /* EnumBasic.playground */ = {isa = PBXFileReference; lastKnownFileType = file.playground; path = EnumBasic.playground; sourceTree = "<group>"; xcLanguageSpecificationIdentifier = xcode.lang.swift; };
		2C13C61224231070004FC779 /* NestedEnum.playground */ = {isa = PBXFileReference; lastKnownFileType = file.playground; path = NestedEnum.playground; sourceTree = "<group>"; xcLanguageSpecificationIdentifier = xcode.lang.swift; };
		2C13C61324231070004FC779 /* Static&MutatingMethodWithSelf.playground */ = {isa = PBXFileReference; lastKnownFileType = file.playground; path = "Static&MutatingMethodWithSelf.playground"; sourceTree = "<group>"; xcLanguageSpecificationIdentifier = xcode.lang.swift; };
		2C42B2B02469347400ECD508 /* Override Method, Init, Property.playground */ = {isa = PBXFileReference; lastKnownFileType = file.playground; path = "Override Method, Init, Property.playground"; sourceTree = "<group>"; xcLanguageSpecificationIdentifier = xcode.lang.swift; };
		2C432E3423A92C7A004EC08C /* AdvanceCodable.playground */ = {isa = PBXFileReference; lastKnownFileType = file.playground; path = AdvanceCodable.playground; sourceTree = "<group>"; xcLanguageSpecificationIdentifier = xcode.lang.swift; };
		2C432E3523A92C8C004EC08C /* JsonParsingWithCodable.playground */ = {isa = PBXFileReference; lastKnownFileType = file.playground; path = JsonParsingWithCodable.playground; sourceTree = "<group>"; xcLanguageSpecificationIdentifier = xcode.lang.swift; };
		2CE1091B246919DF0040F851 /* Convenience Init.playground */ = {isa = PBXFileReference; lastKnownFileType = file.playground; path = "Convenience Init.playground"; sourceTree = "<group>"; xcLanguageSpecificationIdentifier = xcode.lang.swift; };
		2CE1091C246923720040F851 /* ComputedProperty.playground */ = {isa = PBXFileReference; lastKnownFileType = file.playground; path = ComputedProperty.playground; sourceTree = "<group>"; xcLanguageSpecificationIdentifier = xcode.lang.swift; };
		2CE1091D246930460040F851 /* Failable Init.playground */ = {isa = PBXFileReference; lastKnownFileType = file.playground; path = "Failable Init.playground"; sourceTree = "<group>"; xcLanguageSpecificationIdentifier = xcode.lang.swift; };
		B70EDB36230FAE9F00DB1303 /* Introduction to functional Paradigm.playground */ = {isa = PBXFileReference; lastKnownFileType = file.playground; path = "Introduction to functional Paradigm.playground"; sourceTree = "<group>"; xcLanguageSpecificationIdentifier = xcode.lang.swift; };
		B745CEAD22C34F220020AB26 /* CompletionHandler.playground */ = {isa = PBXFileReference; lastKnownFileType = file.playground; path = CompletionHandler.playground; sourceTree = "<group>"; xcLanguageSpecificationIdentifier = xcode.lang.swift; };
		B7601043230D03FA00AA0A6C /* Test File.playground */ = {isa = PBXFileReference; lastKnownFileType = file.playground; path = "Test File.playground"; sourceTree = "<group>"; xcLanguageSpecificationIdentifier = xcode.lang.swift; };
		B78CA2F722F9AA9800682CB2 /* ProtocolExtension.playground */ = {isa = PBXFileReference; lastKnownFileType = file.playground; path = ProtocolExtension.playground; sourceTree = "<group>"; xcLanguageSpecificationIdentifier = xcode.lang.swift; };
		B78CA2FA22F9B1FF00682CB2 /* ProtocolAsAType.playground */ = {isa = PBXFileReference; lastKnownFileType = file.playground; path = ProtocolAsAType.playground; sourceTree = "<group>"; xcLanguageSpecificationIdentifier = xcode.lang.swift; };
		B7B80A402326783E0050FCEF /* Protocol Pitfalls.playground */ = {isa = PBXFileReference; lastKnownFileType = file.playground; path = "Protocol Pitfalls.playground"; sourceTree = "<group>"; xcLanguageSpecificationIdentifier = xcode.lang.swift; };
		B7B80A41232681580050FCEF /* Type Eresar.playground */ = {isa = PBXFileReference; lastKnownFileType = file.playground; path = "Type Eresar.playground"; sourceTree = "<group>"; xcLanguageSpecificationIdentifier = xcode.lang.swift; };
		B7DADAEC229E3669008D0852 /* SwiftProgramingBOB.app */ = {isa = PBXFileReference; explicitFileType = wrapper.application; includeInIndex = 0; path = SwiftProgramingBOB.app; sourceTree = BUILT_PRODUCTS_DIR; };
		B7DADAEF229E3669008D0852 /* AppDelegate.swift */ = {isa = PBXFileReference; lastKnownFileType = sourcecode.swift; path = AppDelegate.swift; sourceTree = "<group>"; };
		B7DADAF6229E366A008D0852 /* Assets.xcassets */ = {isa = PBXFileReference; lastKnownFileType = folder.assetcatalog; path = Assets.xcassets; sourceTree = "<group>"; };
		B7DADAF9229E366A008D0852 /* Base */ = {isa = PBXFileReference; lastKnownFileType = file.storyboard; name = Base; path = Base.lproj/LaunchScreen.storyboard; sourceTree = "<group>"; };
		B7DADAFB229E366A008D0852 /* Info.plist */ = {isa = PBXFileReference; lastKnownFileType = text.plist.xml; path = Info.plist; sourceTree = "<group>"; };
		B7DADB03229E37F3008D0852 /* Intro Closure 1.playground */ = {isa = PBXFileReference; lastKnownFileType = file.playground; path = "Intro Closure 1.playground"; sourceTree = "<group>"; xcLanguageSpecificationIdentifier = xcode.lang.swift; };
		B7DADB04229E4659008D0852 /* Intro Closure 2 .playground */ = {isa = PBXFileReference; lastKnownFileType = file.playground; path = "Intro Closure 2 .playground"; sourceTree = "<group>"; xcLanguageSpecificationIdentifier = xcode.lang.swift; };
		B7E8D97822C235320021475D /* lazyInitWithClosure.playground */ = {isa = PBXFileReference; lastKnownFileType = file.playground; path = lazyInitWithClosure.playground; sourceTree = "<group>"; xcLanguageSpecificationIdentifier = xcode.lang.swift; };
		B7E8D97922C23EE60021475D /* CaptureList.playground */ = {isa = PBXFileReference; lastKnownFileType = file.playground; path = CaptureList.playground; sourceTree = "<group>"; xcLanguageSpecificationIdentifier = xcode.lang.swift; };
		B7E8D97A22C247FE0021475D /* TralingClosure.playground */ = {isa = PBXFileReference; lastKnownFileType = file.playground; path = TralingClosure.playground; sourceTree = "<group>"; xcLanguageSpecificationIdentifier = xcode.lang.swift; };
		B7EFB7E9231FCBFA005D4DFE /* Protocol Extension And Type Constraints .playground */ = {isa = PBXFileReference; lastKnownFileType = file.playground; path = "Protocol Extension And Type Constraints .playground"; sourceTree = "<group>"; xcLanguageSpecificationIdentifier = xcode.lang.swift; };
		B7EFB7EA231FE061005D4DFE /* OverrideProtocolAssociateType.playground */ = {isa = PBXFileReference; lastKnownFileType = file.playground; path = OverrideProtocolAssociateType.playground; sourceTree = "<group>"; xcLanguageSpecificationIdentifier = xcode.lang.swift; };
		B7F6863922C5DBD8000CBDE5 /* AutomaticRefrenceCounting.playground */ = {isa = PBXFileReference; lastKnownFileType = file.playground; path = AutomaticRefrenceCounting.playground; sourceTree = "<group>"; xcLanguageSpecificationIdentifier = xcode.lang.swift; };
		B7F6863A22C5E7DE000CBDE5 /* DelegateRetainCycle.playground */ = {isa = PBXFileReference; lastKnownFileType = file.playground; path = DelegateRetainCycle.playground; sourceTree = "<group>"; xcLanguageSpecificationIdentifier = xcode.lang.swift; };
		B7F6863B22C5EFBF000CBDE5 /* ClosureRetainCycle.playground */ = {isa = PBXFileReference; lastKnownFileType = file.playground; path = ClosureRetainCycle.playground; sourceTree = "<group>"; xcLanguageSpecificationIdentifier = xcode.lang.swift; };
		B7F6863C22C60CC8000CBDE5 /* EscapingAndAutoClosures.playground */ = {isa = PBXFileReference; lastKnownFileType = file.playground; path = EscapingAndAutoClosures.playground; sourceTree = "<group>"; xcLanguageSpecificationIdentifier = xcode.lang.swift; };
		B7F75F8123162A4200378666 /* Filter.playground */ = {isa = PBXFileReference; lastKnownFileType = file.playground; path = Filter.playground; sourceTree = "<group>"; xcLanguageSpecificationIdentifier = xcode.lang.swift; };
		B7F75F8323162B0B00378666 /* Introduction To Associated Type.playground */ = {isa = PBXFileReference; lastKnownFileType = file.playground; path = "Introduction To Associated Type.playground"; sourceTree = "<group>"; xcLanguageSpecificationIdentifier = xcode.lang.swift; };
		CD57ABBB2314F50F005F6274 /* Map.playground */ = {isa = PBXFileReference; lastKnownFileType = file.playground; path = Map.playground; sourceTree = "<group>"; xcLanguageSpecificationIdentifier = xcode.lang.swift; };
/* End PBXFileReference section */

/* Begin PBXFrameworksBuildPhase section */
		B7DADAE9229E3669008D0852 /* Frameworks */ = {
			isa = PBXFrameworksBuildPhase;
			buildActionMask = 2147483647;
			files = (
			);
			runOnlyForDeploymentPostprocessing = 0;
		};
/* End PBXFrameworksBuildPhase section */

/* Begin PBXGroup section */
		2C13C60A24230F30004FC779 /* 2 - Swift Fundamental */ = {
			isa = PBXGroup;
			children = (
				2C13C60B24230F8B004FC779 /* Guard & Defer Statement.playground */,
				2C13C60E24230F8C004FC779 /* IntroductionToErrorHandling.playground */,
				2C13C60C24230F8B004FC779 /* TypeCasting.playground */,
				2C13C60D24230F8B004FC779 /* IntroductionGenerics.playground */,
				2C13C60F24230F8C004FC779 /* Subscript.playground */,
			);
			path = "2 - Swift Fundamental";
			sourceTree = "<group>";
		};
		2C13C61024231042004FC779 /* 9 - Advance Enum  */ = {
			isa = PBXGroup;
			children = (
				2C13C61124231070004FC779 /* EnumBasic.playground */,
				2C13C61324231070004FC779 /* Static&MutatingMethodWithSelf.playground */,
				2C13C61224231070004FC779 /* NestedEnum.playground */,
			);
			path = "9 - Advance Enum ";
			sourceTree = "<group>";
		};
		2C432E3323A92C2A004EC08C /* 10 - NewInSwift4 */ = {
			isa = PBXGroup;
			children = (
				2C432E3523A92C8C004EC08C /* JsonParsingWithCodable.playground */,
				2C432E3423A92C7A004EC08C /* AdvanceCodable.playground */,
			);
			path = "10 - NewInSwift4";
			sourceTree = "<group>";
		};
		2CE1091A246919820040F851 /* 3 - Object Orianted Swift  */ = {
			isa = PBXGroup;
			children = (
				2CE1091B246919DF0040F851 /* Convenience Init.playground */,
				2CE1091C246923720040F851 /* ComputedProperty.playground */,
				2CE1091D246930460040F851 /* Failable Init.playground */,
				2C42B2B02469347400ECD508 /* Override Method, Init, Property.playground */,
			);
			path = "3 - Object Orianted Swift ";
			sourceTree = "<group>";
		};
		B745CEAE22C36D960020AB26 /* 5 - ProtocolOriantedSwift  */ = {
			isa = PBXGroup;
			children = (
				B78CA2F722F9AA9800682CB2 /* ProtocolExtension.playground */,
				B78CA2FA22F9B1FF00682CB2 /* ProtocolAsAType.playground */,
			);
			path = "5 - ProtocolOriantedSwift ";
			sourceTree = "<group>";
		};
		B7C0EE4822FEA3BE00BB6BBB /* 7 - Functional Programing */ = {
			isa = PBXGroup;
			children = (
				B70EDB36230FAE9F00DB1303 /* Introduction to functional Paradigm.playground */,
				B7F75F8123162A4200378666 /* Filter.playground */,
				CD57ABBB2314F50F005F6274 /* Map.playground */,
			);
			path = "7 - Functional Programing";
			sourceTree = "<group>";
		};
		B7DADAE3229E3669008D0852 = {
			isa = PBXGroup;
			children = (
				B7DADAEE229E3669008D0852 /* SwiftProgramingBOB */,
				B7DADAED229E3669008D0852 /* Products */,
			);
			sourceTree = "<group>";
		};
		B7DADAED229E3669008D0852 /* Products */ = {
			isa = PBXGroup;
			children = (
				B7DADAEC229E3669008D0852 /* SwiftProgramingBOB.app */,
			);
			name = Products;
			sourceTree = "<group>";
		};
		B7DADAEE229E3669008D0852 /* SwiftProgramingBOB */ = {
			isa = PBXGroup;
			children = (
				B7DADB01229E3778008D0852 /* swiftPlayground */,
				B7DADAEF229E3669008D0852 /* AppDelegate.swift */,
				B7DADAF6229E366A008D0852 /* Assets.xcassets */,
				B7DADAF8229E366A008D0852 /* LaunchScreen.storyboard */,
				B7DADAFB229E366A008D0852 /* Info.plist */,
			);
			path = SwiftProgramingBOB;
			sourceTree = "<group>";
		};
		B7DADB01229E3778008D0852 /* swiftPlayground */ = {
			isa = PBXGroup;
			children = (
				B7601043230D03FA00AA0A6C /* Test File.playground */,
				2C13C60A24230F30004FC779 /* 2 - Swift Fundamental */,
				2CE1091A246919820040F851 /* 3 - Object Orianted Swift  */,
				B7DADB02229E37A1008D0852 /* 4 - Closure */,
				B745CEAE22C36D960020AB26 /* 5 - ProtocolOriantedSwift  */,
				B7F6863722C5DB7A000CBDE5 /* 6 - MemoryManagement */,
				B7C0EE4822FEA3BE00BB6BBB /* 7 - Functional Programing */,
				B7F75F8223162A9800378666 /* 8 - Genric protocol  */,
				2C13C61024231042004FC779 /* 9 - Advance Enum  */,
				2C432E3323A92C2A004EC08C /* 10 - NewInSwift4 */,
			);
			path = swiftPlayground;
			sourceTree = "<group>";
		};
		B7DADB02229E37A1008D0852 /* 4 - Closure */ = {
			isa = PBXGroup;
			children = (
				B7DADB03229E37F3008D0852 /* Intro Closure 1.playground */,
				B7DADB04229E4659008D0852 /* Intro Closure 2 .playground */,
				B7E8D97822C235320021475D /* lazyInitWithClosure.playground */,
				B7E8D97922C23EE60021475D /* CaptureList.playground */,
				B7E8D97A22C247FE0021475D /* TralingClosure.playground */,
				B745CEAD22C34F220020AB26 /* CompletionHandler.playground */,
			);
			path = "4 - Closure";
			sourceTree = "<group>";
		};
		B7F6863722C5DB7A000CBDE5 /* 6 - MemoryManagement */ = {
			isa = PBXGroup;
			children = (
				B7F6863922C5DBD8000CBDE5 /* AutomaticRefrenceCounting.playground */,
				B7F6863A22C5E7DE000CBDE5 /* DelegateRetainCycle.playground */,
				B7F6863B22C5EFBF000CBDE5 /* ClosureRetainCycle.playground */,
				B7F6863C22C60CC8000CBDE5 /* EscapingAndAutoClosures.playground */,
			);
			path = "6 - MemoryManagement";
			sourceTree = "<group>";
		};
		B7F75F8223162A9800378666 /* 8 - Genric protocol  */ = {
			isa = PBXGroup;
			children = (
				B7F75F8323162B0B00378666 /* Introduction To Associated Type.playground */,
				B7EFB7E9231FCBFA005D4DFE /* Protocol Extension And Type Constraints .playground */,
				B7EFB7EA231FE061005D4DFE /* OverrideProtocolAssociateType.playground */,
				B7B80A402326783E0050FCEF /* Protocol Pitfalls.playground */,
				B7B80A41232681580050FCEF /* Type Eresar.playground */,
			);
			path = "8 - Genric protocol ";
			sourceTree = "<group>";
		};
/* End PBXGroup section */

/* Begin PBXNativeTarget section */
		B7DADAEB229E3669008D0852 /* SwiftProgramingBOB */ = {
			isa = PBXNativeTarget;
			buildConfigurationList = B7DADAFE229E366A008D0852 /* Build configuration list for PBXNativeTarget "SwiftProgramingBOB" */;
			buildPhases = (
				B7DADAE8229E3669008D0852 /* Sources */,
				B7DADAE9229E3669008D0852 /* Frameworks */,
				B7DADAEA229E3669008D0852 /* Resources */,
			);
			buildRules = (
			);
			dependencies = (
			);
			name = SwiftProgramingBOB;
			productName = SwiftProgramingBOB;
			productReference = B7DADAEC229E3669008D0852 /* SwiftProgramingBOB.app */;
			productType = "com.apple.product-type.application";
		};
/* End PBXNativeTarget section */

/* Begin PBXProject section */
		B7DADAE4229E3669008D0852 /* Project object */ = {
			isa = PBXProject;
			attributes = {
				LastSwiftUpdateCheck = 1020;
				LastUpgradeCheck = 1020;
				ORGANIZATIONNAME = Pankaj;
				TargetAttributes = {
					B7DADAEB229E3669008D0852 = {
						CreatedOnToolsVersion = 10.2.1;
					};
				};
			};
			buildConfigurationList = B7DADAE7229E3669008D0852 /* Build configuration list for PBXProject "SwiftProgramingBOB" */;
			compatibilityVersion = "Xcode 9.3";
			developmentRegion = en;
			hasScannedForEncodings = 0;
			knownRegions = (
				en,
				Base,
			);
			mainGroup = B7DADAE3229E3669008D0852;
			productRefGroup = B7DADAED229E3669008D0852 /* Products */;
			projectDirPath = "";
			projectRoot = "";
			targets = (
				B7DADAEB229E3669008D0852 /* SwiftProgramingBOB */,
			);
		};
/* End PBXProject section */

/* Begin PBXResourcesBuildPhase section */
		B7DADAEA229E3669008D0852 /* Resources */ = {
			isa = PBXResourcesBuildPhase;
			buildActionMask = 2147483647;
			files = (
				B7DADAFA229E366A008D0852 /* LaunchScreen.storyboard in Resources */,
				B7DADAF7229E366A008D0852 /* Assets.xcassets in Resources */,
			);
			runOnlyForDeploymentPostprocessing = 0;
		};
/* End PBXResourcesBuildPhase section */

/* Begin PBXSourcesBuildPhase section */
		B7DADAE8229E3669008D0852 /* Sources */ = {
			isa = PBXSourcesBuildPhase;
			buildActionMask = 2147483647;
			files = (
				B7DADAF0229E3669008D0852 /* AppDelegate.swift in Sources */,
			);
			runOnlyForDeploymentPostprocessing = 0;
		};
/* End PBXSourcesBuildPhase section */

/* Begin PBXVariantGroup section */
		B7DADAF8229E366A008D0852 /* LaunchScreen.storyboard */ = {
			isa = PBXVariantGroup;
			children = (
				B7DADAF9229E366A008D0852 /* Base */,
			);
			name = LaunchScreen.storyboard;
			sourceTree = "<group>";
		};
/* End PBXVariantGroup section */

/* Begin XCBuildConfiguration section */
		B7DADAFC229E366A008D0852 /* Debug */ = {
			isa = XCBuildConfiguration;
			buildSettings = {
				ALWAYS_SEARCH_USER_PATHS = NO;
				CLANG_ANALYZER_NONNULL = YES;
				CLANG_ANALYZER_NUMBER_OBJECT_CONVERSION = YES_AGGRESSIVE;
				CLANG_CXX_LANGUAGE_STANDARD = "gnu++14";
				CLANG_CXX_LIBRARY = "libc++";
				CLANG_ENABLE_MODULES = YES;
				CLANG_ENABLE_OBJC_ARC = YES;
				CLANG_ENABLE_OBJC_WEAK = YES;
				CLANG_WARN_BLOCK_CAPTURE_AUTORELEASING = YES;
				CLANG_WARN_BOOL_CONVERSION = YES;
				CLANG_WARN_COMMA = YES;
				CLANG_WARN_CONSTANT_CONVERSION = YES;
				CLANG_WARN_DEPRECATED_OBJC_IMPLEMENTATIONS = YES;
				CLANG_WARN_DIRECT_OBJC_ISA_USAGE = YES_ERROR;
				CLANG_WARN_DOCUMENTATION_COMMENTS = YES;
				CLANG_WARN_EMPTY_BODY = YES;
				CLANG_WARN_ENUM_CONVERSION = YES;
				CLANG_WARN_INFINITE_RECURSION = YES;
				CLANG_WARN_INT_CONVERSION = YES;
				CLANG_WARN_NON_LITERAL_NULL_CONVERSION = YES;
				CLANG_WARN_OBJC_IMPLICIT_RETAIN_SELF = YES;
				CLANG_WARN_OBJC_LITERAL_CONVERSION = YES;
				CLANG_WARN_OBJC_ROOT_CLASS = YES_ERROR;
				CLANG_WARN_RANGE_LOOP_ANALYSIS = YES;
				CLANG_WARN_STRICT_PROTOTYPES = YES;
				CLANG_WARN_SUSPICIOUS_MOVE = YES;
				CLANG_WARN_UNGUARDED_AVAILABILITY = YES_AGGRESSIVE;
				CLANG_WARN_UNREACHABLE_CODE = YES;
				CLANG_WARN__DUPLICATE_METHOD_MATCH = YES;
				CODE_SIGN_IDENTITY = "iPhone Developer";
				COPY_PHASE_STRIP = NO;
				DEBUG_INFORMATION_FORMAT = dwarf;
				ENABLE_STRICT_OBJC_MSGSEND = YES;
				ENABLE_TESTABILITY = YES;
				GCC_C_LANGUAGE_STANDARD = gnu11;
				GCC_DYNAMIC_NO_PIC = NO;
				GCC_NO_COMMON_BLOCKS = YES;
				GCC_OPTIMIZATION_LEVEL = 0;
				GCC_PREPROCESSOR_DEFINITIONS = (
					"DEBUG=1",
					"$(inherited)",
				);
				GCC_WARN_64_TO_32_BIT_CONVERSION = YES;
				GCC_WARN_ABOUT_RETURN_TYPE = YES_ERROR;
				GCC_WARN_UNDECLARED_SELECTOR = YES;
				GCC_WARN_UNINITIALIZED_AUTOS = YES_AGGRESSIVE;
				GCC_WARN_UNUSED_FUNCTION = YES;
				GCC_WARN_UNUSED_VARIABLE = YES;
				IPHONEOS_DEPLOYMENT_TARGET = 12.2;
				MTL_ENABLE_DEBUG_INFO = INCLUDE_SOURCE;
				MTL_FAST_MATH = YES;
				ONLY_ACTIVE_ARCH = YES;
				SDKROOT = iphoneos;
				SWIFT_ACTIVE_COMPILATION_CONDITIONS = DEBUG;
				SWIFT_OPTIMIZATION_LEVEL = "-Onone";
			};
			name = Debug;
		};
		B7DADAFD229E366A008D0852 /* Release */ = {
			isa = XCBuildConfiguration;
			buildSettings = {
				ALWAYS_SEARCH_USER_PATHS = NO;
				CLANG_ANALYZER_NONNULL = YES;
				CLANG_ANALYZER_NUMBER_OBJECT_CONVERSION = YES_AGGRESSIVE;
				CLANG_CXX_LANGUAGE_STANDARD = "gnu++14";
				CLANG_CXX_LIBRARY = "libc++";
				CLANG_ENABLE_MODULES = YES;
				CLANG_ENABLE_OBJC_ARC = YES;
				CLANG_ENABLE_OBJC_WEAK = YES;
				CLANG_WARN_BLOCK_CAPTURE_AUTORELEASING = YES;
				CLANG_WARN_BOOL_CONVERSION = YES;
				CLANG_WARN_COMMA = YES;
				CLANG_WARN_CONSTANT_CONVERSION = YES;
				CLANG_WARN_DEPRECATED_OBJC_IMPLEMENTATIONS = YES;
				CLANG_WARN_DIRECT_OBJC_ISA_USAGE = YES_ERROR;
				CLANG_WARN_DOCUMENTATION_COMMENTS = YES;
				CLANG_WARN_EMPTY_BODY = YES;
				CLANG_WARN_ENUM_CONVERSION = YES;
				CLANG_WARN_INFINITE_RECURSION = YES;
				CLANG_WARN_INT_CONVERSION = YES;
				CLANG_WARN_NON_LITERAL_NULL_CONVERSION = YES;
				CLANG_WARN_OBJC_IMPLICIT_RETAIN_SELF = YES;
				CLANG_WARN_OBJC_LITERAL_CONVERSION = YES;
				CLANG_WARN_OBJC_ROOT_CLASS = YES_ERROR;
				CLANG_WARN_RANGE_LOOP_ANALYSIS = YES;
				CLANG_WARN_STRICT_PROTOTYPES = YES;
				CLANG_WARN_SUSPICIOUS_MOVE = YES;
				CLANG_WARN_UNGUARDED_AVAILABILITY = YES_AGGRESSIVE;
				CLANG_WARN_UNREACHABLE_CODE = YES;
				CLANG_WARN__DUPLICATE_METHOD_MATCH = YES;
				CODE_SIGN_IDENTITY = "iPhone Developer";
				COPY_PHASE_STRIP = NO;
				DEBUG_INFORMATION_FORMAT = "dwarf-with-dsym";
				ENABLE_NS_ASSERTIONS = NO;
				ENABLE_STRICT_OBJC_MSGSEND = YES;
				GCC_C_LANGUAGE_STANDARD = gnu11;
				GCC_NO_COMMON_BLOCKS = YES;
				GCC_WARN_64_TO_32_BIT_CONVERSION = YES;
				GCC_WARN_ABOUT_RETURN_TYPE = YES_ERROR;
				GCC_WARN_UNDECLARED_SELECTOR = YES;
				GCC_WARN_UNINITIALIZED_AUTOS = YES_AGGRESSIVE;
				GCC_WARN_UNUSED_FUNCTION = YES;
				GCC_WARN_UNUSED_VARIABLE = YES;
				IPHONEOS_DEPLOYMENT_TARGET = 12.2;
				MTL_ENABLE_DEBUG_INFO = NO;
				MTL_FAST_MATH = YES;
				SDKROOT = iphoneos;
				SWIFT_COMPILATION_MODE = wholemodule;
				SWIFT_OPTIMIZATION_LEVEL = "-O";
				VALIDATE_PRODUCT = YES;
			};
			name = Release;
		};
		B7DADAFF229E366A008D0852 /* Debug */ = {
			isa = XCBuildConfiguration;
			buildSettings = {
				ASSETCATALOG_COMPILER_APPICON_NAME = AppIcon;
				CODE_SIGN_STYLE = Automatic;
				DEVELOPMENT_TEAM = DXZRGF2244;
				INFOPLIST_FILE = SwiftProgramingBOB/Info.plist;
				LD_RUNPATH_SEARCH_PATHS = (
					"$(inherited)",
					"@executable_path/Frameworks",
				);
				PRODUCT_BUNDLE_IDENTIFIER = com.zmobile.SwiftProgramingBOB;
				PRODUCT_NAME = "$(TARGET_NAME)";
				SWIFT_VERSION = 5.0;
				TARGETED_DEVICE_FAMILY = "1,2";
			};
			name = Debug;
		};
		B7DADB00229E366A008D0852 /* Release */ = {
			isa = XCBuildConfiguration;
			buildSettings = {
				ASSETCATALOG_COMPILER_APPICON_NAME = AppIcon;
				CODE_SIGN_STYLE = Automatic;
				DEVELOPMENT_TEAM = DXZRGF2244;
				INFOPLIST_FILE = SwiftProgramingBOB/Info.plist;
				LD_RUNPATH_SEARCH_PATHS = (
					"$(inherited)",
					"@executable_path/Frameworks",
				);
				PRODUCT_BUNDLE_IDENTIFIER = com.zmobile.SwiftProgramingBOB;
				PRODUCT_NAME = "$(TARGET_NAME)";
				SWIFT_VERSION = 5.0;
				TARGETED_DEVICE_FAMILY = "1,2";
			};
			name = Release;
		};
/* End XCBuildConfiguration section */

/* Begin XCConfigurationList section */
		B7DADAE7229E3669008D0852 /* Build configuration list for PBXProject "SwiftProgramingBOB" */ = {
			isa = XCConfigurationList;
			buildConfigurations = (
				B7DADAFC229E366A008D0852 /* Debug */,
				B7DADAFD229E366A008D0852 /* Release */,
			);
			defaultConfigurationIsVisible = 0;
			defaultConfigurationName = Release;
		};
		B7DADAFE229E366A008D0852 /* Build configuration list for PBXNativeTarget "SwiftProgramingBOB" */ = {
			isa = XCConfigurationList;
			buildConfigurations = (
				B7DADAFF229E366A008D0852 /* Debug */,
				B7DADB00229E366A008D0852 /* Release */,
			);
			defaultConfigurationIsVisible = 0;
			defaultConfigurationName = Release;
		};
/* End XCConfigurationList section */
	};
	rootObject = B7DADAE4229E3669008D0852 /* Project object */;
}
